
Microsoft Visual Studio Solution File, Format Version 12.00
# Visual Studio 14
VisualStudioVersion = 14.0.24720.0
MinimumVisualStudioVersion = 10.0.40219.1
Project("{FAE04EC0-301F-11D3-BF4B-00C04F79EFBC}") = "rCuentas22", "rCuentas22\rCuentas22.csproj", "{63A1C8D1-F649-4D74-94E3-97E7522F9B16}"
EndProject
Project("{FAE04EC0-301F-11D3-BF4B-00C04F79EFBC}") = "BLL", "BLL\BLL.csproj", "{2FB3E7C0-2A99-4F59-BF2A-54E360CF39CF}"
EndProject
Project("{FAE04EC0-301F-11D3-BF4B-00C04F79EFBC}") = "DAL", "DAL\DAL.csproj", "{F7759348-2331-4EDC-B384-1387CC5D38DF}"
EndProject
Global
	GlobalSection(SolutionConfigurationPlatforms) = preSolution
		Debug|Any CPU = Debug|Any CPU
		Release|Any CPU = Release|Any CPU
	EndGlobalSection
	GlobalSection(ProjectConfigurationPlatforms) = postSolution
		{63A1C8D1-F649-4D74-94E3-97E7522F9B16}.Debug|Any CPU.ActiveCfg = Debug|Any CPU
		{63A1C8D1-F649-4D74-94E3-97E7522F9B16}.Debug|Any CPU.Build.0 = Debug|Any CPU
		{63A1C8D1-F649-4D74-94E3-97E7522F9B16}.Release|Any CPU.ActiveCfg = Release|Any CPU
		{63A1C8D1-F649-4D74-94E3-97E7522F9B16}.Release|Any CPU.Build.0 = Release|Any CPU
		{2FB3E7C0-2A99-4F59-BF2A-54E360CF39CF}.Debug|Any CPU.ActiveCfg = Debug|Any CPU
		{2FB3E7C0-2A99-4F59-BF2A-54E360CF39CF}.Debug|Any CPU.Build.0 = Debug|Any CPU
		{2FB3E7C0-2A99-4F59-BF2A-54E360CF39CF}.Release|Any CPU.ActiveCfg = Release|Any CPU
		{2FB3E7C0-2A99-4F59-BF2A-54E360CF39CF}.Release|Any CPU.Build.0 = Release|Any CPU
		{F7759348-2331-4EDC-B384-1387CC5D38DF}.Debug|Any CPU.ActiveCfg = Debug|Any CPU
		{F7759348-2331-4EDC-B384-1387CC5D38DF}.Debug|Any CPU.Build.0 = Debug|Any CPU
		{F7759348-2331-4EDC-B384-1387CC5D38DF}.Release|Any CPU.ActiveCfg = Release|Any CPU
		{F7759348-2331-4EDC-B384-1387CC5D38DF}.Release|Any CPU.Build.0 = Release|Any CPU
	EndGlobalSection
	GlobalSection(SolutionProperties) = preSolution
		HideSolutionNode = FALSE
	EndGlobalSection
EndGlobal
